
Microsoft Visual Studio Solution File, Format Version 12.00
# Visual Studio Version 17
VisualStudioVersion = 17.4.33110.190
MinimumVisualStudioVersion = 10.0.40219.1
Project("{FAE04EC0-301F-11D3-BF4B-00C04F79EFBC}") = "WebApplication1", "WebApplication1\WebApplication1.csproj", "{99595BE9-0C05-4BDB-838F-8A694051B59E}"
EndProject
Global
	GlobalSection(SolutionConfigurationPlatforms) = preSolution
		Debug|Any CPU = Debug|Any CPU
		Release|Any CPU = Release|Any CPU
	EndGlobalSection
	GlobalSection(ProjectConfigurationPlatforms) = postSolution
		{99595BE9-0C05-4BDB-838F-8A694051B59E}.Debug|Any CPU.ActiveCfg = Debug|Any CPU
		{99595BE9-0C05-4BDB-838F-8A694051B59E}.Debug|Any CPU.Build.0 = Debug|Any CPU
		{99595BE9-0C05-4BDB-838F-8A694051B59E}.Release|Any CPU.ActiveCfg = Release|Any CPU
		{99595BE9-0C05-4BDB-838F-8A694051B59E}.Release|Any CPU.Build.0 = Release|Any CPU
	EndGlobalSection
	GlobalSection(SolutionProperties) = preSolution
		HideSolutionNode = FALSE
	EndGlobalSection
	GlobalSection(ExtensibilityGlobals) = postSolution
		SolutionGuid = {50613D8F-F5E6-4529-A968-7D9B2341C432}
	EndGlobalSection
EndGlobal
